
Microsoft Visual Studio Solution File, Format Version 12.00
# Visual Studio Version 16
VisualStudioVersion = 16.0.30011.22
MinimumVisualStudioVersion = 10.0.40219.1
Project("{FAE04EC0-301F-11D3-BF4B-00C04F79EFBC}") = "jQueryAjaxAsp.NETMVC", "jQueryAjaxAsp.NETMVC\jQueryAjaxAsp.NETMVC.csproj", "{A6187194-6509-40DC-81B4-FA17909043C7}"
EndProject
Global
	GlobalSection(SolutionConfigurationPlatforms) = preSolution
		Debug|Any CPU = Debug|Any CPU
		Release|Any CPU = Release|Any CPU
	EndGlobalSection
	GlobalSection(ProjectConfigurationPlatforms) = postSolution
		{A6187194-6509-40DC-81B4-FA17909043C7}.Debug|Any CPU.ActiveCfg = Debug|Any CPU
		{A6187194-6509-40DC-81B4-FA17909043C7}.Debug|Any CPU.Build.0 = Debug|Any CPU
		{A6187194-6509-40DC-81B4-FA17909043C7}.Release|Any CPU.ActiveCfg = Release|Any CPU
		{A6187194-6509-40DC-81B4-FA17909043C7}.Release|Any CPU.Build.0 = Release|Any CPU
	EndGlobalSection
	GlobalSection(SolutionProperties) = preSolution
		HideSolutionNode = FALSE
	EndGlobalSection
	GlobalSection(ExtensibilityGlobals) = postSolution
		SolutionGuid = {1DBB6C5E-428D-4796-9634-6B4E4429A68E}
	EndGlobalSection
EndGlobal
